<?xml version="1.0" encoding="utf-8"?>
<Project ToolsVersion="4.0" xmlns="http://schemas.microsoft.com/developer/msbuild/2003">
  <ItemGroup>
    <Filter Include="소스 파일">
      <UniqueIdentifier>{4FC737F1-C7A5-4376-A066-2A32D752A2FF}</UniqueIdentifier>
      <Extensions>cpp;c;cc;cxx;def;odl;idl;hpj;bat;asm;asmx</Extensions>
    </Filter>
    <Filter Include="헤더 파일">
      <UniqueIdentifier>{93995380-89BD-4b04-88EB-625FBE52EBFB}</UniqueIdentifier>
      <Extensions>h;hh;hpp;hxx;hm;inl;inc;ipp;xsd</Extensions>
    </Filter>
    <Filter Include="리소스 파일">
      <UniqueIdentifier>{67DA6AB6-F800-4c08-8B7A-83BB121AAD01}</UniqueIdentifier>
      <Extensions>rc;ico;cur;bmp;dlg;rc2;rct;bin;rgs;gif;jpg;jpeg;jpe;resx;tiff;tif;png;wav;mfcribbon-ms</Extensions>
    </Filter>
  </ItemGroup>
  <ItemGroup>
    <ClInclude Include="Tetris.h">
      <Filter>헤더 파일</Filter>
    </ClInclude>
    <ClInclude Include="TetrisDlg.h">
      <Filter>헤더 파일</Filter>
    </ClInclude>
    <ClInclude Include="framework.h">
      <Filter>헤더 파일</Filter>
    </ClInclude>
    <ClInclude Include="targetver.h">
      <Filter>헤더 파일</Filter>
    </ClInclude>
    <ClInclude Include="Resource.h">
      <Filter>헤더 파일</Filter>
    </ClInclude>
    <ClInclude Include="pch.h">
      <Filter>헤더 파일</Filter>
    </ClInclude>
    <ClInclude Include="TetrisFrame.h">
      <Filter>헤더 파일</Filter>
    </ClInclude>
    <ClInclude Include="LoginDlg.h">
      <Filter>헤더 파일</Filter>
    </ClInclude>
    <ClInclude Include="CBackColor.h">
      <Filter>헤더 파일</Filter>
    </ClInclude>
    <ClInclude Include="SignDlg.h">
      <Filter>헤더 파일</Filter>
    </ClInclude>
    <ClInclude Include="CChat.h">
      <Filter>헤더 파일</Filter>
    </ClInclude>
    <ClInclude Include="CSqlWorker.h">
      <Filter>헤더 파일</Filter>
    </ClInclude>
    <ClInclude Include="CShape.h">
      <Filter>헤더 파일</Filter>
    </ClInclude>
    <ClInclude Include="CShapeZ.h">
      <Filter>헤더 파일</Filter>
    </ClInclude>
    <ClInclude Include="CShapeI.h">
      <Filter>헤더 파일</Filter>
    </ClInclude>
    <ClInclude Include="CShapeL.h">
      <Filter>헤더 파일</Filter>
    </ClInclude>
    <ClInclude Include="CShapeRect.h">
      <Filter>헤더 파일</Filter>
    </ClInclude>
    <ClInclude Include="CShapeS.h">
      <Filter>헤더 파일</Filter>
    </ClInclude>
    <ClInclude Include="CShapeT.h">
      <Filter>헤더 파일</Filter>
    </ClInclude>
    <ClInclude Include="CShapeJ.h">
      <Filter>헤더 파일</Filter>
    </ClInclude>
    <ClInclude Include="CTetrisPalette.h">
      <Filter>헤더 파일</Filter>
    </ClInclude>
  </ItemGroup>
  <ItemGroup>
    <ClCompile Include="Tetris.cpp">
      <Filter>소스 파일</Filter>
    </ClCompile>
    <ClCompile Include="TetrisDlg.cpp">
      <Filter>소스 파일</Filter>
    </ClCompile>
    <ClCompile Include="pch.cpp">
      <Filter>소스 파일</Filter>
    </ClCompile>
    <ClCompile Include="TetrisFrame.cpp">
      <Filter>소스 파일</Filter>
    </ClCompile>
    <ClCompile Include="LoginDlg.cpp">
      <Filter>소스 파일</Filter>
    </ClCompile>
    <ClCompile Include="CBackColor.cpp">
      <Filter>소스 파일</Filter>
    </ClCompile>
    <ClCompile Include="SignDlg.cpp">
      <Filter>소스 파일</Filter>
    </ClCompile>
    <ClCompile Include="CChat.cpp">
      <Filter>소스 파일</Filter>
    </ClCompile>
    <ClCompile Include="CSqlWorker.cpp">
      <Filter>소스 파일</Filter>
    </ClCompile>
    <ClCompile Include="CShape.cpp">
      <Filter>소스 파일</Filter>
    </ClCompile>
    <ClCompile Include="CShapeZ.cpp">
      <Filter>소스 파일</Filter>
    </ClCompile>
    <ClCompile Include="CShapeI.cpp">
      <Filter>소스 파일</Filter>
    </ClCompile>
    <ClCompile Include="CShapeL.cpp">
      <Filter>소스 파일</Filter>
    </ClCompile>
    <ClCompile Include="CShapeRect.cpp">
      <Filter>소스 파일</Filter>
    </ClCompile>
    <ClCompile Include="CShapeS.cpp">
      <Filter>소스 파일</Filter>
    </ClCompile>
    <ClCompile Include="CShapeT.cpp">
      <Filter>소스 파일</Filter>
    </ClCompile>
    <ClCompile Include="CShapeJ.cpp">
      <Filter>소스 파일</Filter>
    </ClCompile>
    <ClCompile Include="CTetrisPalette.cpp">
      <Filter>소스 파일</Filter>
    </ClCompile>
  </ItemGroup>
  <ItemGroup>
    <ResourceCompile Include="Tetris.rc">
      <Filter>리소스 파일</Filter>
    </ResourceCompile>
  </ItemGroup>
  <ItemGroup>
    <None Include="res\Tetris.rc2">
      <Filter>리소스 파일</Filter>
    </None>
    <None Include="..\libmysql.dll" />
    <None Include="res\wave2.bin">
      <Filter>리소스 파일</Filter>
    </None>
    <None Include="res\wave3.bin">
      <Filter>리소스 파일</Filter>
    </None>
  </ItemGroup>
  <ItemGroup>
    <Image Include="res\Tetris.ico">
      <Filter>리소스 파일</Filter>
    </Image>
    <Image Include="..\..\..\..\back2.png">
      <Filter>리소스 파일</Filter>
    </Image>
    <Image Include="..\..\..\..\back2.jpg">
      <Filter>리소스 파일</Filter>
    </Image>
    <Image Include="..\..\..\..\back1.png">
      <Filter>리소스 파일</Filter>
    </Image>
  </ItemGroup>
  <ItemGroup>
    <Media Include="..\..\..\..\..\Downloads\달의하루(Dareharu) - 『염라(Karma)』 Music Video (online-audio-converter.com).wav">
      <Filter>리소스 파일</Filter>
    </Media>
  </ItemGroup>
</Project>